
Microsoft Visual Studio Solution File, Format Version 12.00
# Visual Studio 15
VisualStudioVersion = 15.0.26730.12
MinimumVisualStudioVersion = 10.0.40219.1
Project("{FAE04EC0-301F-11D3-BF4B-00C04F79EFBC}") = "MVCTest", "MVCTest\MVCTest.csproj", "{32990F3A-A61F-4B58-A25F-04387E50C941}"
EndProject
Global
	GlobalSection(SolutionConfigurationPlatforms) = preSolution
		Debug|Any CPU = Debug|Any CPU
		Release|Any CPU = Release|Any CPU
	EndGlobalSection
	GlobalSection(ProjectConfigurationPlatforms) = postSolution
		{32990F3A-A61F-4B58-A25F-04387E50C941}.Debug|Any CPU.ActiveCfg = Debug|Any CPU
		{32990F3A-A61F-4B58-A25F-04387E50C941}.Debug|Any CPU.Build.0 = Debug|Any CPU
		{32990F3A-A61F-4B58-A25F-04387E50C941}.Release|Any CPU.ActiveCfg = Release|Any CPU
		{32990F3A-A61F-4B58-A25F-04387E50C941}.Release|Any CPU.Build.0 = Release|Any CPU
	EndGlobalSection
	GlobalSection(SolutionProperties) = preSolution
		HideSolutionNode = FALSE
	EndGlobalSection
	GlobalSection(ExtensibilityGlobals) = postSolution
		SolutionGuid = {34DB7E94-10D4-4952-AA8D-0CA1AB5755E1}
	EndGlobalSection
EndGlobal
